
Microsoft Visual Studio Solution File, Format Version 12.00
# Visual Studio Version 17
VisualStudioVersion = 17.7.34221.43
MinimumVisualStudioVersion = 10.0.40219.1
Project("{FAE04EC0-301F-11D3-BF4B-00C04F79EFBC}") = "BackAlmacen", "BackAlmacen\BackAlmacen.csproj", "{E66BBD00-787F-4C4A-AD23-B65366160114}"
EndProject
Global
	GlobalSection(SolutionConfigurationPlatforms) = preSolution
		Debug|Any CPU = Debug|Any CPU
		Release|Any CPU = Release|Any CPU
	EndGlobalSection
	GlobalSection(ProjectConfigurationPlatforms) = postSolution
		{E66BBD00-787F-4C4A-AD23-B65366160114}.Debug|Any CPU.ActiveCfg = Debug|Any CPU
		{E66BBD00-787F-4C4A-AD23-B65366160114}.Debug|Any CPU.Build.0 = Debug|Any CPU
		{E66BBD00-787F-4C4A-AD23-B65366160114}.Release|Any CPU.ActiveCfg = Release|Any CPU
		{E66BBD00-787F-4C4A-AD23-B65366160114}.Release|Any CPU.Build.0 = Release|Any CPU
	EndGlobalSection
	GlobalSection(SolutionProperties) = preSolution
		HideSolutionNode = FALSE
	EndGlobalSection
	GlobalSection(ExtensibilityGlobals) = postSolution
		SolutionGuid = {8F52DA78-CD7B-45BB-8126-214E68A6A1D6}
	EndGlobalSection
EndGlobal
